
Microsoft Visual Studio Solution File, Format Version 12.00
# Visual Studio Version 17
VisualStudioVersion = 17.10.35013.160
MinimumVisualStudioVersion = 10.0.40219.1
Project("{FAE04EC0-301F-11D3-BF4B-00C04F79EFBC}") = "SAE", "SAE\SAE.csproj", "{A23B1BD9-093C-406F-8857-D29F177931E5}"
EndProject
Global
	GlobalSection(SolutionConfigurationPlatforms) = preSolution
		Debug|Any CPU = Debug|Any CPU
		Release|Any CPU = Release|Any CPU
	EndGlobalSection
	GlobalSection(ProjectConfigurationPlatforms) = postSolution
		{A23B1BD9-093C-406F-8857-D29F177931E5}.Debug|Any CPU.ActiveCfg = Debug|Any CPU
		{A23B1BD9-093C-406F-8857-D29F177931E5}.Debug|Any CPU.Build.0 = Debug|Any CPU
		{A23B1BD9-093C-406F-8857-D29F177931E5}.Release|Any CPU.ActiveCfg = Release|Any CPU
		{A23B1BD9-093C-406F-8857-D29F177931E5}.Release|Any CPU.Build.0 = Release|Any CPU
	EndGlobalSection
	GlobalSection(SolutionProperties) = preSolution
		HideSolutionNode = FALSE
	EndGlobalSection
	GlobalSection(ExtensibilityGlobals) = postSolution
		SolutionGuid = {B43292A3-B51C-4D74-AAFE-68A73EC99BF4}
	EndGlobalSection
EndGlobal
